schema: '2.0'
stages:
  download_data:
    cmd: python download_data.py
    deps:
    - path: download_data.py
      hash: md5
      md5: 7f45c1891934d617d001a3f04597bfde
      size: 972
    - path: params.yaml
      hash: md5
      md5: fb75f32d25975010bab23ba680df4ce7
      size: 38
    outs:
    - path: data/iris.csv
      hash: md5
      md5: 72de67d2f0a43b9f53c08f399d9e96ef
      size: 3878
