schema: '2.0'
stages:
  download_data:
    cmd: python download_data.py
    deps:
    - path: download_data.py
      hash: md5
      md5: 7f45c1891934d617d001a3f04597bfde
      size: 972
    - path: params.yaml
      hash: md5
      md5: 977a28e1ecf2fdbab688717932341e00
      size: 98
    outs:
    - path: data/iris.csv
      hash: md5
      md5: 72de67d2f0a43b9f53c08f399d9e96ef
      size: 3878
  train_model:
    cmd: python train_model.py
    deps:
    - path: data/iris.csv
      hash: md5
      md5: 72de67d2f0a43b9f53c08f399d9e96ef
      size: 3878
    - path: params.yaml
      hash: md5
      md5: 977a28e1ecf2fdbab688717932341e00
      size: 98
    - path: train_model.py
      hash: md5
      md5: 510742ac7eddda2cdea68e19bae43a8d
      size: 1651
    outs:
    - path: metrics.json
      hash: md5
      md5: 9a0379eaa11dd7b9e9995a62a5f21656
      size: 17
    - path: models/model.pkl
      hash: md5
      md5: bb956d839b366eb59992c33fe93a88d0
      size: 2823
